# THIS IS AN AUTOGENERATED FILE. DO NOT EDIT THIS FILE DIRECTLY.
# yarn lockfile v1


qrcodejs2@^0.0.2:
  version "0.0.2"
  resolved "https://registry.yarnpkg.com/qrcodejs2/-/qrcodejs2-0.0.2.tgz#465afe5e39f19facecb932c11f7a186109146ae1"
  integrity sha512-+Y4HA+cb6qUzdgvI3KML8GYpMFwB24dFwzMkS/yXq6hwtUGNUnZQdUnksrV1XGMc2mid5ROw5SAuY9XhI3ValA==
